// !$*UTF8*$!
{
	archiveVersion = 1;
	classes = {
	};
	objectVersion = 46;
	objects = {

/* Begin PBXBuildFile section */
		858D12CB1504885C00ED48E9 /* Foundation.framework in Frameworks */ = {isa = PBXBuildFile; fileRef = 858D12CA1504885C00ED48E9 /* Foundation.framework */; };
		858D12D11504885C00ED48E9 /* SocialNetworkLibrary.m in Sources */ = {isa = PBXBuildFile; fileRef = 858D12D01504885C00ED48E9 /* SocialNetworkLibrary.m */; };
		858D1347150488DA00ED48E9 /* Facebook.h in Headers */ = {isa = PBXBuildFile; fileRef = 858D12D9150488DA00ED48E9 /* Facebook.h */; };
		858D1348150488DA00ED48E9 /* Facebook.m in Sources */ = {isa = PBXBuildFile; fileRef = 858D12DA150488DA00ED48E9 /* Facebook.m */; };
		858D1349150488DA00ED48E9 /* FBConnect.h in Headers */ = {isa = PBXBuildFile; fileRef = 858D12DB150488DA00ED48E9 /* FBConnect.h */; };
		858D134A150488DA00ED48E9 /* FBDialog.h in Headers */ = {isa = PBXBuildFile; fileRef = 858D12DD150488DA00ED48E9 /* FBDialog.h */; };
		858D134B150488DA00ED48E9 /* FBDialog.m in Sources */ = {isa = PBXBuildFile; fileRef = 858D12DE150488DA00ED48E9 /* FBDialog.m */; };
		858D134C150488DA00ED48E9 /* FBLoginDialog.h in Headers */ = {isa = PBXBuildFile; fileRef = 858D12DF150488DA00ED48E9 /* FBLoginDialog.h */; };
		858D134D150488DA00ED48E9 /* FBLoginDialog.m in Sources */ = {isa = PBXBuildFile; fileRef = 858D12E0150488DA00ED48E9 /* FBLoginDialog.m */; };
		858D134E150488DA00ED48E9 /* FBRequest.h in Headers */ = {isa = PBXBuildFile; fileRef = 858D12E1150488DA00ED48E9 /* FBRequest.h */; };
		858D134F150488DA00ED48E9 /* FBRequest.m in Sources */ = {isa = PBXBuildFile; fileRef = 858D12E2150488DA00ED48E9 /* FBRequest.m */; };
		858D1350150488DA00ED48E9 /* JSON.h in Headers */ = {isa = PBXBuildFile; fileRef = 858D12E4150488DA00ED48E9 /* JSON.h */; };
		858D1351150488DA00ED48E9 /* NSObject+SBJSON.h in Headers */ = {isa = PBXBuildFile; fileRef = 858D12E5150488DA00ED48E9 /* NSObject+SBJSON.h */; };
		858D1352150488DA00ED48E9 /* NSObject+SBJSON.m in Sources */ = {isa = PBXBuildFile; fileRef = 858D12E6150488DA00ED48E9 /* NSObject+SBJSON.m */; };
		858D1353150488DA00ED48E9 /* NSString+SBJSON.h in Headers */ = {isa = PBXBuildFile; fileRef = 858D12E7150488DA00ED48E9 /* NSString+SBJSON.h */; };
		858D1354150488DA00ED48E9 /* NSString+SBJSON.m in Sources */ = {isa = PBXBuildFile; fileRef = 858D12E8150488DA00ED48E9 /* NSString+SBJSON.m */; };
		858D1355150488DA00ED48E9 /* SBJSON.h in Headers */ = {isa = PBXBuildFile; fileRef = 858D12E9150488DA00ED48E9 /* SBJSON.h */; };
		858D1356150488DA00ED48E9 /* SBJSON.m in Sources */ = {isa = PBXBuildFile; fileRef = 858D12EA150488DA00ED48E9 /* SBJSON.m */; };
		858D1357150488DA00ED48E9 /* SBJsonBase.h in Headers */ = {isa = PBXBuildFile; fileRef = 858D12EB150488DA00ED48E9 /* SBJsonBase.h */; };
		858D1358150488DA00ED48E9 /* SBJsonBase.m in Sources */ = {isa = PBXBuildFile; fileRef = 858D12EC150488DA00ED48E9 /* SBJsonBase.m */; };
		858D1359150488DA00ED48E9 /* SBJsonParser.h in Headers */ = {isa = PBXBuildFile; fileRef = 858D12ED150488DA00ED48E9 /* SBJsonParser.h */; };
		858D135A150488DA00ED48E9 /* SBJsonParser.m in Sources */ = {isa = PBXBuildFile; fileRef = 858D12EE150488DA00ED48E9 /* SBJsonParser.m */; };
		858D135B150488DA00ED48E9 /* SBJsonWriter.h in Headers */ = {isa = PBXBuildFile; fileRef = 858D12EF150488DA00ED48E9 /* SBJsonWriter.h */; };
		858D135C150488DA00ED48E9 /* SBJsonWriter.m in Sources */ = {isa = PBXBuildFile; fileRef = 858D12F0150488DA00ED48E9 /* SBJsonWriter.m */; };
		8A7E735F1566175900F06522 /* FBFrictionlessRequestSettings.h in Headers */ = {isa = PBXBuildFile; fileRef = 8A7E735D1566175900F06522 /* FBFrictionlessRequestSettings.h */; };
		8A7E73601566175900F06522 /* FBFrictionlessRequestSettings.m in Sources */ = {isa = PBXBuildFile; fileRef = 8A7E735E1566175900F06522 /* FBFrictionlessRequestSettings.m */; };
/* End PBXBuildFile section */

/* Begin PBXFileReference section */
		858D12C71504885C00ED48E9 /* libSocialNetworkLibrary.a */ = {isa = PBXFileReference; explicitFileType = archive.ar; includeInIndex = 0; path = libSocialNetworkLibrary.a; sourceTree = BUILT_PRODUCTS_DIR; };
		858D12CA1504885C00ED48E9 /* Foundation.framework */ = {isa = PBXFileReference; lastKnownFileType = wrapper.framework; name = Foundation.framework; path = System/Library/Frameworks/Foundation.framework; sourceTree = SDKROOT; };
		858D12CE1504885C00ED48E9 /* SocialNetworkLibrary-Prefix.pch */ = {isa = PBXFileReference; lastKnownFileType = sourcecode.c.h; path = "SocialNetworkLibrary-Prefix.pch"; sourceTree = "<group>"; };
		858D12CF1504885C00ED48E9 /* SocialNetworkLibrary.h */ = {isa = PBXFileReference; lastKnownFileType = sourcecode.c.h; path = SocialNetworkLibrary.h; sourceTree = "<group>"; };
		858D12D01504885C00ED48E9 /* SocialNetworkLibrary.m */ = {isa = PBXFileReference; lastKnownFileType = sourcecode.c.objc; path = SocialNetworkLibrary.m; sourceTree = "<group>"; };
		858D12D9150488DA00ED48E9 /* Facebook.h */ = {isa = PBXFileReference; fileEncoding = 4; lastKnownFileType = sourcecode.c.h; path = Facebook.h; sourceTree = "<group>"; };
		858D12DA150488DA00ED48E9 /* Facebook.m */ = {isa = PBXFileReference; fileEncoding = 4; lastKnownFileType = sourcecode.c.objc; path = Facebook.m; sourceTree = "<group>"; };
		858D12DB150488DA00ED48E9 /* FBConnect.h */ = {isa = PBXFileReference; fileEncoding = 4; lastKnownFileType = sourcecode.c.h; path = FBConnect.h; sourceTree = "<group>"; };
		858D12DC150488DA00ED48E9 /* FBDialog.bundle */ = {isa = PBXFileReference; lastKnownFileType = "wrapper.plug-in"; path = FBDialog.bundle; sourceTree = "<group>"; };
		858D12DD150488DA00ED48E9 /* FBDialog.h */ = {isa = PBXFileReference; fileEncoding = 4; lastKnownFileType = sourcecode.c.h; path = FBDialog.h; sourceTree = "<group>"; };
		858D12DE150488DA00ED48E9 /* FBDialog.m */ = {isa = PBXFileReference; fileEncoding = 4; lastKnownFileType = sourcecode.c.objc; path = FBDialog.m; sourceTree = "<group>"; };
		858D12DF150488DA00ED48E9 /* FBLoginDialog.h */ = {isa = PBXFileReference; fileEncoding = 4; lastKnownFileType = sourcecode.c.h; path = FBLoginDialog.h; sourceTree = "<group>"; };
		858D12E0150488DA00ED48E9 /* FBLoginDialog.m */ = {isa = PBXFileReference; fileEncoding = 4; lastKnownFileType = sourcecode.c.objc; path = FBLoginDialog.m; sourceTree = "<group>"; };
		858D12E1150488DA00ED48E9 /* FBRequest.h */ = {isa = PBXFileReference; fileEncoding = 4; lastKnownFileType = sourcecode.c.h; path = FBRequest.h; sourceTree = "<group>"; };
		858D12E2150488DA00ED48E9 /* FBRequest.m */ = {isa = PBXFileReference; fileEncoding = 4; lastKnownFileType = sourcecode.c.objc; path = FBRequest.m; sourceTree = "<group>"; };
		858D12E4150488DA00ED48E9 /* JSON.h */ = {isa = PBXFileReference; fileEncoding = 4; lastKnownFileType = sourcecode.c.h; path = JSON.h; sourceTree = "<group>"; };
		858D12E5150488DA00ED48E9 /* NSObject+SBJSON.h */ = {isa = PBXFileReference; fileEncoding = 4; lastKnownFileType = sourcecode.c.h; path = "NSObject+SBJSON.h"; sourceTree = "<group>"; };
		858D12E6150488DA00ED48E9 /* NSObject+SBJSON.m */ = {isa = PBXFileReference; fileEncoding = 4; lastKnownFileType = sourcecode.c.objc; path = "NSObject+SBJSON.m"; sourceTree = "<group>"; };
		858D12E7150488DA00ED48E9 /* NSString+SBJSON.h */ = {isa = PBXFileReference; fileEncoding = 4; lastKnownFileType = sourcecode.c.h; path = "NSString+SBJSON.h"; sourceTree = "<group>"; };
		858D12E8150488DA00ED48E9 /* NSString+SBJSON.m */ = {isa = PBXFileReference; fileEncoding = 4; lastKnownFileType = sourcecode.c.objc; path = "NSString+SBJSON.m"; sourceTree = "<group>"; };
		858D12E9150488DA00ED48E9 /* SBJSON.h */ = {isa = PBXFileReference; fileEncoding = 4; lastKnownFileType = sourcecode.c.h; path = SBJSON.h; sourceTree = "<group>"; };
		858D12EA150488DA00ED48E9 /* SBJSON.m */ = {isa = PBXFileReference; fileEncoding = 4; lastKnownFileType = sourcecode.c.objc; path = SBJSON.m; sourceTree = "<group>"; };
		858D12EB150488DA00ED48E9 /* SBJsonBase.h */ = {isa = PBXFileReference; fileEncoding = 4; lastKnownFileType = sourcecode.c.h; path = SBJsonBase.h; sourceTree = "<group>"; };
		858D12EC150488DA00ED48E9 /* SBJsonBase.m */ = {isa = PBXFileReference; fileEncoding = 4; lastKnownFileType = sourcecode.c.objc; path = SBJsonBase.m; sourceTree = "<group>"; };
		858D12ED150488DA00ED48E9 /* SBJsonParser.h */ = {isa = PBXFileReference; fileEncoding = 4; lastKnownFileType = sourcecode.c.h; path = SBJsonParser.h; sourceTree = "<group>"; };
		858D12EE150488DA00ED48E9 /* SBJsonParser.m */ = {isa = PBXFileReference; fileEncoding = 4; lastKnownFileType = sourcecode.c.objc; path = SBJsonParser.m; sourceTree = "<group>"; };
		858D12EF150488DA00ED48E9 /* SBJsonWriter.h */ = {isa = PBXFileReference; fileEncoding = 4; lastKnownFileType = sourcecode.c.h; path = SBJsonWriter.h; sourceTree = "<group>"; };
		858D12F0150488DA00ED48E9 /* SBJsonWriter.m */ = {isa = PBXFileReference; fileEncoding = 4; lastKnownFileType = sourcecode.c.objc; path = SBJsonWriter.m; sourceTree = "<group>"; };
		8A7E735D1566175900F06522 /* FBFrictionlessRequestSettings.h */ = {isa = PBXFileReference; fileEncoding = 4; lastKnownFileType = sourcecode.c.h; path = FBFrictionlessRequestSettings.h; sourceTree = "<group>"; };
		8A7E735E1566175900F06522 /* FBFrictionlessRequestSettings.m */ = {isa = PBXFileReference; fileEncoding = 4; lastKnownFileType = sourcecode.c.objc; path = FBFrictionlessRequestSettings.m; sourceTree = "<group>"; };
/* End PBXFileReference section */

/* Begin PBXFrameworksBuildPhase section */
		858D12C41504885C00ED48E9 /* Frameworks */ = {
			isa = PBXFrameworksBuildPhase;
			buildActionMask = 2147483647;
			files = (
				858D12CB1504885C00ED48E9 /* Foundation.framework in Frameworks */,
			);
			runOnlyForDeploymentPostprocessing = 0;
		};
/* End PBXFrameworksBuildPhase section */

/* Begin PBXGroup section */
		858D12BC1504885C00ED48E9 = {
			isa = PBXGroup;
			children = (
				858D12D7150488DA00ED48E9 /* Facebook */,
				858D12CC1504885C00ED48E9 /* SocialNetworkLibrary */,
				858D12C91504885C00ED48E9 /* Frameworks */,
				858D12C81504885C00ED48E9 /* Products */,
			);
			sourceTree = "<group>";
		};
		858D12C81504885C00ED48E9 /* Products */ = {
			isa = PBXGroup;
			children = (
				858D12C71504885C00ED48E9 /* libSocialNetworkLibrary.a */,
			);
			name = Products;
			sourceTree = "<group>";
		};
		858D12C91504885C00ED48E9 /* Frameworks */ = {
			isa = PBXGroup;
			children = (
				858D12CA1504885C00ED48E9 /* Foundation.framework */,
			);
			name = Frameworks;
			sourceTree = "<group>";
		};
		858D12CC1504885C00ED48E9 /* SocialNetworkLibrary */ = {
			isa = PBXGroup;
			children = (
				858D12CF1504885C00ED48E9 /* SocialNetworkLibrary.h */,
				858D12D01504885C00ED48E9 /* SocialNetworkLibrary.m */,
				858D12CD1504885C00ED48E9 /* Supporting Files */,
			);
			path = SocialNetworkLibrary;
			sourceTree = "<group>";
		};
		858D12CD1504885C00ED48E9 /* Supporting Files */ = {
			isa = PBXGroup;
			children = (
				858D12CE1504885C00ED48E9 /* SocialNetworkLibrary-Prefix.pch */,
			);
			name = "Supporting Files";
			sourceTree = "<group>";
		};
		858D12D7150488DA00ED48E9 /* Facebook */ = {
			isa = PBXGroup;
			children = (
				858D12D8150488DA00ED48E9 /* src */,
			);
			path = Facebook;
			sourceTree = "<group>";
		};
		858D12D8150488DA00ED48E9 /* src */ = {
			isa = PBXGroup;
			children = (
				8A7E735D1566175900F06522 /* FBFrictionlessRequestSettings.h */,
				8A7E735E1566175900F06522 /* FBFrictionlessRequestSettings.m */,
				858D12D9150488DA00ED48E9 /* Facebook.h */,
				858D12DA150488DA00ED48E9 /* Facebook.m */,
				858D12DB150488DA00ED48E9 /* FBConnect.h */,
				858D12DC150488DA00ED48E9 /* FBDialog.bundle */,
				858D12DD150488DA00ED48E9 /* FBDialog.h */,
				858D12DE150488DA00ED48E9 /* FBDialog.m */,
				858D12DF150488DA00ED48E9 /* FBLoginDialog.h */,
				858D12E0150488DA00ED48E9 /* FBLoginDialog.m */,
				858D12E1150488DA00ED48E9 /* FBRequest.h */,
				858D12E2150488DA00ED48E9 /* FBRequest.m */,
				858D12E3150488DA00ED48E9 /* JSON */,
			);
			path = src;
			sourceTree = "<group>";
		};
		858D12E3150488DA00ED48E9 /* JSON */ = {
			isa = PBXGroup;
			children = (
				858D12E4150488DA00ED48E9 /* JSON.h */,
				858D12E5150488DA00ED48E9 /* NSObject+SBJSON.h */,
				858D12E6150488DA00ED48E9 /* NSObject+SBJSON.m */,
				858D12E7150488DA00ED48E9 /* NSString+SBJSON.h */,
				858D12E8150488DA00ED48E9 /* NSString+SBJSON.m */,
				858D12E9150488DA00ED48E9 /* SBJSON.h */,
				858D12EA150488DA00ED48E9 /* SBJSON.m */,
				858D12EB150488DA00ED48E9 /* SBJsonBase.h */,
				858D12EC150488DA00ED48E9 /* SBJsonBase.m */,
				858D12ED150488DA00ED48E9 /* SBJsonParser.h */,
				858D12EE150488DA00ED48E9 /* SBJsonParser.m */,
				858D12EF150488DA00ED48E9 /* SBJsonWriter.h */,
				858D12F0150488DA00ED48E9 /* SBJsonWriter.m */,
			);
			path = JSON;
			sourceTree = "<group>";
		};
/* End PBXGroup section */

/* Begin PBXHeadersBuildPhase section */
		858D12C51504885C00ED48E9 /* Headers */ = {
			isa = PBXHeadersBuildPhase;
			buildActionMask = 2147483647;
			files = (
				858D1347150488DA00ED48E9 /* Facebook.h in Headers */,
				858D1349150488DA00ED48E9 /* FBConnect.h in Headers */,
				858D134A150488DA00ED48E9 /* FBDialog.h in Headers */,
				858D134C150488DA00ED48E9 /* FBLoginDialog.h in Headers */,
				858D134E150488DA00ED48E9 /* FBRequest.h in Headers */,
				858D1350150488DA00ED48E9 /* JSON.h in Headers */,
				858D1351150488DA00ED48E9 /* NSObject+SBJSON.h in Headers */,
				858D1353150488DA00ED48E9 /* NSString+SBJSON.h in Headers */,
				858D1355150488DA00ED48E9 /* SBJSON.h in Headers */,
				858D1357150488DA00ED48E9 /* SBJsonBase.h in Headers */,
				858D1359150488DA00ED48E9 /* SBJsonParser.h in Headers */,
				858D135B150488DA00ED48E9 /* SBJsonWriter.h in Headers */,
				8A7E735F1566175900F06522 /* FBFrictionlessRequestSettings.h in Headers */,
			);
			runOnlyForDeploymentPostprocessing = 0;
		};
/* End PBXHeadersBuildPhase section */

/* Begin PBXNativeTarget section */
		858D12C61504885C00ED48E9 /* SocialNetworkLibrary */ = {
			isa = PBXNativeTarget;
			buildConfigurationList = 858D12D41504885C00ED48E9 /* Build configuration list for PBXNativeTarget "SocialNetworkLibrary" */;
			buildPhases = (
				858D12C31504885C00ED48E9 /* Sources */,
				858D12C41504885C00ED48E9 /* Frameworks */,
				858D12C51504885C00ED48E9 /* Headers */,
			);
			buildRules = (
			);
			dependencies = (
			);
			name = SocialNetworkLibrary;
			productName = SocialNetworkLibrary;
			productReference = 858D12C71504885C00ED48E9 /* libSocialNetworkLibrary.a */;
			productType = "com.apple.product-type.library.static";
		};
/* End PBXNativeTarget section */

/* Begin PBXProject section */
		858D12BE1504885C00ED48E9 /* Project object */ = {
			isa = PBXProject;
			attributes = {
				LastUpgradeCheck = 0460;
			};
			buildConfigurationList = 858D12C11504885C00ED48E9 /* Build configuration list for PBXProject "SocialNetworkLibrary" */;
			compatibilityVersion = "Xcode 3.2";
			developmentRegion = English;
			hasScannedForEncodings = 0;
			knownRegions = (
				en,
			);
			mainGroup = 858D12BC1504885C00ED48E9;
			productRefGroup = 858D12C81504885C00ED48E9 /* Products */;
			projectDirPath = "";
			projectRoot = "";
			targets = (
				858D12C61504885C00ED48E9 /* SocialNetworkLibrary */,
			);
		};
/* End PBXProject section */

/* Begin PBXSourcesBuildPhase section */
		858D12C31504885C00ED48E9 /* Sources */ = {
			isa = PBXSourcesBuildPhase;
			buildActionMask = 2147483647;
			files = (
				858D12D11504885C00ED48E9 /* SocialNetworkLibrary.m in Sources */,
				858D1348150488DA00ED48E9 /* Facebook.m in Sources */,
				858D134B150488DA00ED48E9 /* FBDialog.m in Sources */,
				858D134D150488DA00ED48E9 /* FBLoginDialog.m in Sources */,
				858D134F150488DA00ED48E9 /* FBRequest.m in Sources */,
				858D1352150488DA00ED48E9 /* NSObject+SBJSON.m in Sources */,
				858D1354150488DA00ED48E9 /* NSString+SBJSON.m in Sources */,
				858D1356150488DA00ED48E9 /* SBJSON.m in Sources */,
				858D1358150488DA00ED48E9 /* SBJsonBase.m in Sources */,
				858D135A150488DA00ED48E9 /* SBJsonParser.m in Sources */,
				858D135C150488DA00ED48E9 /* SBJsonWriter.m in Sources */,
				8A7E73601566175900F06522 /* FBFrictionlessRequestSettings.m in Sources */,
			);
			runOnlyForDeploymentPostprocessing = 0;
		};
/* End PBXSourcesBuildPhase section */

/* Begin XCBuildConfiguration section */
		858D12D21504885C00ED48E9 /* Debug */ = {
			isa = XCBuildConfiguration;
			buildSettings = {
				ALWAYS_SEARCH_USER_PATHS = NO;
				ARCHS = "$(ARCHS_STANDARD_32_BIT)";
				COPY_PHASE_STRIP = NO;
				GCC_C_LANGUAGE_STANDARD = gnu99;
				GCC_DYNAMIC_NO_PIC = NO;
				GCC_OPTIMIZATION_LEVEL = 0;
				GCC_PREPROCESSOR_DEFINITIONS = (
					"DEBUG=1",
					"$(inherited)",
				);
				GCC_SYMBOLS_PRIVATE_EXTERN = NO;
				GCC_VERSION = com.apple.compilers.llvm.clang.1_0;
				GCC_WARN_ABOUT_MISSING_PROTOTYPES = YES;
				GCC_WARN_ABOUT_RETURN_TYPE = YES;
				GCC_WARN_UNUSED_VARIABLE = YES;
				HEADER_SEARCH_PATHS = "$(SDK_DIR)/usr/include/libxml2";
				IPHONEOS_DEPLOYMENT_TARGET = 4.3;
				SDKROOT = iphoneos;
			};
			name = Debug;
		};
		858D12D31504885C00ED48E9 /* Release */ = {
			isa = XCBuildConfiguration;
			buildSettings = {
				ALWAYS_SEARCH_USER_PATHS = NO;
				ARCHS = "$(ARCHS_STANDARD_32_BIT)";
				COPY_PHASE_STRIP = YES;
				GCC_C_LANGUAGE_STANDARD = gnu99;
				GCC_VERSION = com.apple.compilers.llvm.clang.1_0;
				GCC_WARN_ABOUT_MISSING_PROTOTYPES = YES;
				GCC_WARN_ABOUT_RETURN_TYPE = YES;
				GCC_WARN_UNUSED_VARIABLE = YES;
				HEADER_SEARCH_PATHS = "$(SDK_DIR)/usr/include/libxml2";
				IPHONEOS_DEPLOYMENT_TARGET = 4.3;
				SDKROOT = iphoneos;
				VALIDATE_PRODUCT = YES;
			};
			name = Release;
		};
		858D12D51504885C00ED48E9 /* Debug */ = {
			isa = XCBuildConfiguration;
			buildSettings = {
				ARCHS = (
					armv6,
					"$(ARCHS_STANDARD_32_BIT)",
				);
				CLANG_ENABLE_OBJC_ARC = YES;
				CODE_SIGN_IDENTITY = "iPhone Developer: Shivam Sinha (U2RSLMEERT)";
				DSTROOT = /tmp/SocialNetworkLibrary.dst;
				GCC_PRECOMPILE_PREFIX_HEADER = YES;
				GCC_PREFIX_HEADER = "SocialNetworkLibrary/SocialNetworkLibrary-Prefix.pch";
				GCC_THUMB_SUPPORT = NO;
				HEADER_SEARCH_PATHS = "$(SDK_DIR)/usr/include/libxml2/**";
				IPHONEOS_DEPLOYMENT_TARGET = 4.3;
				OTHER_LDFLAGS = "-ObjC";
				PRODUCT_NAME = "$(TARGET_NAME)";
				PROVISIONING_PROFILE = "2445535C-A234-4CE1-AAF4-32C3A3B90B73";
				SKIP_INSTALL = YES;
			};
			name = Debug;
		};
		858D12D61504885C00ED48E9 /* Release */ = {
			isa = XCBuildConfiguration;
			buildSettings = {
				ARCHS = (
					armv6,
					"$(ARCHS_STANDARD_32_BIT)",
				);
				CLANG_ENABLE_OBJC_ARC = YES;
				CODE_SIGN_IDENTITY = "iPhone Developer: Shivam Sinha (U2RSLMEERT)";
				DSTROOT = /tmp/SocialNetworkLibrary.dst;
				GCC_PRECOMPILE_PREFIX_HEADER = YES;
				GCC_PREFIX_HEADER = "SocialNetworkLibrary/SocialNetworkLibrary-Prefix.pch";
				GCC_THUMB_SUPPORT = NO;
				HEADER_SEARCH_PATHS = "$(SDK_DIR)/usr/include/libxml2/**";
				IPHONEOS_DEPLOYMENT_TARGET = 4.3;
				OTHER_LDFLAGS = "-ObjC";
				PRODUCT_NAME = "$(TARGET_NAME)";
				PROVISIONING_PROFILE = "2445535C-A234-4CE1-AAF4-32C3A3B90B73";
				SKIP_INSTALL = YES;
			};
			name = Release;
		};
/* End XCBuildConfiguration section */

/* Begin XCConfigurationList section */
		858D12C11504885C00ED48E9 /* Build configuration list for PBXProject "SocialNetworkLibrary" */ = {
			isa = XCConfigurationList;
			buildConfigurations = (
				858D12D21504885C00ED48E9 /* Debug */,
				858D12D31504885C00ED48E9 /* Release */,
			);
			defaultConfigurationIsVisible = 0;
			defaultConfigurationName = Release;
		};
		858D12D41504885C00ED48E9 /* Build configuration list for PBXNativeTarget "SocialNetworkLibrary" */ = {
			isa = XCConfigurationList;
			buildConfigurations = (
				858D12D51504885C00ED48E9 /* Debug */,
				858D12D61504885C00ED48E9 /* Release */,
			);
			defaultConfigurationIsVisible = 0;
			defaultConfigurationName = Release;
		};
/* End XCConfigurationList section */
	};
	rootObject = 858D12BE1504885C00ED48E9 /* Project object */;
}
